Microsoft Visual Studio Solution File, Format Version 12.00
# Visual Studio Version 17
VisualStudioVersion = 17.5.2.0
MinimumVisualStudioVersion = 10.0.40219.1
Project("{FAE04EC0-301F-11D3-BF4B-00C04F79EFBC}") = "Idevs.Net.Corelib", "Idevs.Net.Corelib.csproj", "{87CC38E0-F239-EE03-7CDA-B4ECE1206B3C}"
EndProject
Global
	GlobalSection(SolutionConfigurationPlatforms) = preSolution
		Debug|Any CPU = Debug|Any CPU
		Release|Any CPU = Release|Any CPU
	EndGlobalSection
	GlobalSection(ProjectConfigurationPlatforms) = postSolution
		{87CC38E0-F239-EE03-7CDA-B4ECE1206B3C}.Debug|Any CPU.ActiveCfg = Debug|Any CPU
		{87CC38E0-F239-EE03-7CDA-B4ECE1206B3C}.Debug|Any CPU.Build.0 = Debug|Any CPU
		{87CC38E0-F239-EE03-7CDA-B4ECE1206B3C}.Release|Any CPU.ActiveCfg = Release|Any CPU
		{87CC38E0-F239-EE03-7CDA-B4ECE1206B3C}.Release|Any CPU.Build.0 = Release|Any CPU
	EndGlobalSection
	GlobalSection(SolutionProperties) = preSolution
		HideSolutionNode = FALSE
	EndGlobalSection
	GlobalSection(ExtensibilityGlobals) = postSolution
		SolutionGuid = {1C524D70-0AAE-4A44-95F3-824733DFB2FE}
	EndGlobalSection
EndGlobal
