
Microsoft Visual Studio Solution File, Format Version 12.00
# Visual Studio Version 17
VisualStudioVersion = 17.5.001.0
MinimumVisualStudioVersion = 10.0.40219.1
Project("{9A19103F-16F7-4668-BE54-9A1E7A4F7556}") = "Idevs.Net.CoreLib", "Idevs.Net.CoreLib.csproj", "{5607ED4F-8CFF-4228-AAA8-7FC0855D92A9}"
EndProject
Global
	GlobalSection(SolutionConfigurationPlatforms) = preSolution
		Debug|Any CPU = Debug|Any CPU
		Release|Any CPU = Release|Any CPU
	EndGlobalSection
	GlobalSection(ProjectConfigurationPlatforms) = postSolution
		{5607ED4F-8CFF-4228-AAA8-7FC0855D92A9}.Debug|Any CPU.ActiveCfg = Debug|Any CPU
		{5607ED4F-8CFF-4228-AAA8-7FC0855D92A9}.Debug|Any CPU.Build.0 = Debug|Any CPU
		{5607ED4F-8CFF-4228-AAA8-7FC0855D92A9}.Release|Any CPU.ActiveCfg = Release|Any CPU
		{5607ED4F-8CFF-4228-AAA8-7FC0855D92A9}.Release|Any CPU.Build.0 = Release|Any CPU
	EndGlobalSection
	GlobalSection(SolutionProperties) = preSolution
		HideSolutionNode = FALSE
	EndGlobalSection
	GlobalSection(ExtensibilityGlobals) = postSolution
		SolutionGuid = {EAF8B33C-3DFF-49C5-9EA0-CFB50898D709}
	EndGlobalSection
EndGlobal
